
Microsoft Visual Studio Solution File, Format Version 12.00
# Visual Studio Version 16
VisualStudioVersion = 16.0.30204.135
MinimumVisualStudioVersion = 10.0.40219.1
Project("{F184B08F-C81C-45F6-A57F-5ABD9991F28F}") = "AzureInteg1", "AzureInteg1.vbproj", "{D0A382C1-43DB-4CC0-A8D4-E40D47117DF3}"
EndProject
Global
	GlobalSection(SolutionConfigurationPlatforms) = preSolution
		Debug|Any CPU = Debug|Any CPU
		Release|Any CPU = Release|Any CPU
	EndGlobalSection
	GlobalSection(ProjectConfigurationPlatforms) = postSolution
		{D0A382C1-43DB-4CC0-A8D4-E40D47117DF3}.Debug|Any CPU.ActiveCfg = Debug|Any CPU
		{D0A382C1-43DB-4CC0-A8D4-E40D47117DF3}.Debug|Any CPU.Build.0 = Debug|Any CPU
		{D0A382C1-43DB-4CC0-A8D4-E40D47117DF3}.Release|Any CPU.ActiveCfg = Release|Any CPU
		{D0A382C1-43DB-4CC0-A8D4-E40D47117DF3}.Release|Any CPU.Build.0 = Release|Any CPU
	EndGlobalSection
	GlobalSection(SolutionProperties) = preSolution
		HideSolutionNode = FALSE
	EndGlobalSection
	GlobalSection(ExtensibilityGlobals) = postSolution
		SolutionGuid = {4A254852-DDA2-42D4-80D3-17463AF489F8}
	EndGlobalSection
EndGlobal
